
Microsoft Visual Studio Solution File, Format Version 12.00
# Visual Studio Version 17
VisualStudioVersion = 17.5.33530.505
MinimumVisualStudioVersion = 10.0.40219.1
Project("{FAE04EC0-301F-11D3-BF4B-00C04F79EFBC}") = "Platformer", "Test228\Platformer.csproj", "{92CE045A-ACAD-4973-A1FD-D8C0F4E70C88}"
EndProject
Global
	GlobalSection(SolutionConfigurationPlatforms) = preSolution
		Debug|Any CPU = Debug|Any CPU
		Release|Any CPU = Release|Any CPU
	EndGlobalSection
	GlobalSection(ProjectConfigurationPlatforms) = postSolution
		{92CE045A-ACAD-4973-A1FD-D8C0F4E70C88}.Debug|Any CPU.ActiveCfg = Debug|Any CPU
		{92CE045A-ACAD-4973-A1FD-D8C0F4E70C88}.Debug|Any CPU.Build.0 = Debug|Any CPU
		{92CE045A-ACAD-4973-A1FD-D8C0F4E70C88}.Release|Any CPU.ActiveCfg = Release|Any CPU
		{92CE045A-ACAD-4973-A1FD-D8C0F4E70C88}.Release|Any CPU.Build.0 = Release|Any CPU
	EndGlobalSection
	GlobalSection(SolutionProperties) = preSolution
		HideSolutionNode = FALSE
	EndGlobalSection
	GlobalSection(ExtensibilityGlobals) = postSolution
		SolutionGuid = {2E2EB206-7AE3-431E-A695-FF8C3E3CCA22}
	EndGlobalSection
EndGlobal
